
Microsoft Visual Studio Solution File, Format Version 12.00
# Visual Studio Version 17
VisualStudioVersion = 17.9.34616.47
MinimumVisualStudioVersion = 10.0.40219.1
Project("{9A19103F-16F7-4668-BE54-9A1E7A4F7556}") = "SkillstormTelecom", "SkillstormTelecom.csproj", "{229B7BAD-48E8-414F-BEF4-F4057057F6C7}"
EndProject
Project("{9A19103F-16F7-4668-BE54-9A1E7A4F7556}") = "Entities", "..\Entities\Entities.csproj", "{3C4D5390-BC26-4F5B-B481-1AE2E5907F96}"
EndProject
Project("{9A19103F-16F7-4668-BE54-9A1E7A4F7556}") = "Contracts", "..\Contracts\Contracts.csproj", "{24259BAC-6ABB-4388-BC0B-05D3FE1850BF}"
EndProject
Project("{9A19103F-16F7-4668-BE54-9A1E7A4F7556}") = "Repository", "..\Repository\Repository.csproj", "{5C20F5AF-28A2-466D-8254-A54347BF5F3E}"
EndProject
Project("{9A19103F-16F7-4668-BE54-9A1E7A4F7556}") = "LoggerService", "..\LoggerManager.cs\LoggerService.csproj", "{B4D7573B-1582-46EB-B35E-13AE89BE60B0}"
EndProject
Project("{FAE04EC0-301F-11D3-BF4B-00C04F79EFBC}") = "Service", "..\Service\Service.csproj", "{392F98A5-7130-4ABE-8A35-667B76ECB45F}"
EndProject
Project("{FAE04EC0-301F-11D3-BF4B-00C04F79EFBC}") = "Service.Contracts", "..\Service.Contracts\Service.Contracts.csproj", "{5CCC9CC2-7324-4645-BF36-658DC54F6495}"
EndProject
Global
	GlobalSection(SolutionConfigurationPlatforms) = preSolution
		Debug|Any CPU = Debug|Any CPU
		Release|Any CPU = Release|Any CPU
	EndGlobalSection
	GlobalSection(ProjectConfigurationPlatforms) = postSolution
		{229B7BAD-48E8-414F-BEF4-F4057057F6C7}.Debug|Any CPU.ActiveCfg = Debug|Any CPU
		{229B7BAD-48E8-414F-BEF4-F4057057F6C7}.Debug|Any CPU.Build.0 = Debug|Any CPU
		{229B7BAD-48E8-414F-BEF4-F4057057F6C7}.Release|Any CPU.ActiveCfg = Release|Any CPU
		{229B7BAD-48E8-414F-BEF4-F4057057F6C7}.Release|Any CPU.Build.0 = Release|Any CPU
		{3C4D5390-BC26-4F5B-B481-1AE2E5907F96}.Debug|Any CPU.ActiveCfg = Debug|Any CPU
		{3C4D5390-BC26-4F5B-B481-1AE2E5907F96}.Debug|Any CPU.Build.0 = Debug|Any CPU
		{3C4D5390-BC26-4F5B-B481-1AE2E5907F96}.Release|Any CPU.ActiveCfg = Release|Any CPU
		{3C4D5390-BC26-4F5B-B481-1AE2E5907F96}.Release|Any CPU.Build.0 = Release|Any CPU
		{24259BAC-6ABB-4388-BC0B-05D3FE1850BF}.Debug|Any CPU.ActiveCfg = Debug|Any CPU
		{24259BAC-6ABB-4388-BC0B-05D3FE1850BF}.Debug|Any CPU.Build.0 = Debug|Any CPU
		{24259BAC-6ABB-4388-BC0B-05D3FE1850BF}.Release|Any CPU.ActiveCfg = Release|Any CPU
		{24259BAC-6ABB-4388-BC0B-05D3FE1850BF}.Release|Any CPU.Build.0 = Release|Any CPU
		{5C20F5AF-28A2-466D-8254-A54347BF5F3E}.Debug|Any CPU.ActiveCfg = Debug|Any CPU
		{5C20F5AF-28A2-466D-8254-A54347BF5F3E}.Debug|Any CPU.Build.0 = Debug|Any CPU
		{5C20F5AF-28A2-466D-8254-A54347BF5F3E}.Release|Any CPU.ActiveCfg = Release|Any CPU
		{5C20F5AF-28A2-466D-8254-A54347BF5F3E}.Release|Any CPU.Build.0 = Release|Any CPU
		{B4D7573B-1582-46EB-B35E-13AE89BE60B0}.Debug|Any CPU.ActiveCfg = Debug|Any CPU
		{B4D7573B-1582-46EB-B35E-13AE89BE60B0}.Debug|Any CPU.Build.0 = Debug|Any CPU
		{B4D7573B-1582-46EB-B35E-13AE89BE60B0}.Release|Any CPU.ActiveCfg = Release|Any CPU
		{B4D7573B-1582-46EB-B35E-13AE89BE60B0}.Release|Any CPU.Build.0 = Release|Any CPU
		{392F98A5-7130-4ABE-8A35-667B76ECB45F}.Debug|Any CPU.ActiveCfg = Debug|Any CPU
		{392F98A5-7130-4ABE-8A35-667B76ECB45F}.Debug|Any CPU.Build.0 = Debug|Any CPU
		{392F98A5-7130-4ABE-8A35-667B76ECB45F}.Release|Any CPU.ActiveCfg = Release|Any CPU
		{392F98A5-7130-4ABE-8A35-667B76ECB45F}.Release|Any CPU.Build.0 = Release|Any CPU
		{5CCC9CC2-7324-4645-BF36-658DC54F6495}.Debug|Any CPU.ActiveCfg = Debug|Any CPU
		{5CCC9CC2-7324-4645-BF36-658DC54F6495}.Debug|Any CPU.Build.0 = Debug|Any CPU
		{5CCC9CC2-7324-4645-BF36-658DC54F6495}.Release|Any CPU.ActiveCfg = Release|Any CPU
		{5CCC9CC2-7324-4645-BF36-658DC54F6495}.Release|Any CPU.Build.0 = Release|Any CPU
	EndGlobalSection
	GlobalSection(SolutionProperties) = preSolution
		HideSolutionNode = FALSE
	EndGlobalSection
	GlobalSection(ExtensibilityGlobals) = postSolution
		SolutionGuid = {E704FBDA-D74E-4DB0-9718-B9325931094D}
	EndGlobalSection
EndGlobal
